{
  "name": "@dictcmsclient/ui-model-source",
  "version": "1.0.0",
  "lockfileVersion": 1,
  "requires": true,
  "dependencies": {
    "@dictcmsclient/service-source": {
      "version": "1.0.0",
      "resolved": "https://registry.npmjs.org/@dictcmsclient/service-source/-/service-source-1.0.0.tgz",
      "integrity": "sha512-N1nhX52c7x+/tkEJf+9/pPcrD1QY2Ax4q5iAe3oW9HSjNt3L7ieXLNFNeNMgJ2Z2C73gDuEz4l4wCTtvpXW8Mw==",
      "requires": {
        "tslib": "^2.0.0"
      }
    },
    "@dictcmsclient/ui-model-editable": {
      "version": "1.0.0",
      "resolved": "https://registry.npmjs.org/@dictcmsclient/ui-model-editable/-/ui-model-editable-1.0.0.tgz",
      "integrity": "sha512-i2IpSDuwfL7oSfeC4byxcMUESYw50v6WNdjTc4KzmgFOPRVfsduwLFbSc+saWtIBVWpCf7O+ufIS5DN3+xb6Yg==",
      "requires": {
        "tslib": "^2.0.0"
      }
    },
    "tslib": {
      "version": "2.0.1",
      "resolved": "https://registry.npmjs.org/tslib/-/tslib-2.0.1.tgz",
      "integrity": "sha512-SgIkNheinmEBgx1IUNirK0TUD4X9yjjBRTqqjggWCU3pUEqIk3/Uwl3yRixYKT6WjQuGiwDv4NomL3wqRCj+CQ=="
    }
  }
}
